<?xml version="1.0" encoding="utf-8"?>
<Project ToolsVersion="4.0" xmlns="http://schemas.microsoft.com/developer/msbuild/2003">
  <ItemGroup>
    <Filter Include="Исходные файлы">
      <UniqueIdentifier>{4FC737F1-C7A5-4376-A066-2A32D752A2FF}</UniqueIdentifier>
      <Extensions>cpp;c;cc;cxx;c++;cppm;ixx;def;odl;idl;hpj;bat;asm;asmx</Extensions>
    </Filter>
    <Filter Include="Файлы заголовков">
      <UniqueIdentifier>{93995380-89BD-4b04-88EB-625FBE52EBFB}</UniqueIdentifier>
      <Extensions>h;hh;hpp;hxx;h++;hm;inl;inc;ipp;xsd</Extensions>
    </Filter>
    <Filter Include="Файлы ресурсов">
      <UniqueIdentifier>{67DA6AB6-F800-4c08-8B7A-83BB121AAD01}</UniqueIdentifier>
      <Extensions>rc;ico;cur;bmp;dlg;rc2;rct;bin;rgs;gif;jpg;jpeg;jpe;resx;tiff;tif;png;wav;mfcribbon-ms</Extensions>
    </Filter>
    <Filter Include="Исходные файлы\tests">
      <UniqueIdentifier>{2e525027-a107-43e8-a77a-431bfd23fc08}</UniqueIdentifier>
    </Filter>
    <Filter Include="Исходные файлы\DataAppFiles">
      <UniqueIdentifier>{da577dfb-a08e-45f6-b8bd-f36d7e1f72c0}</UniqueIdentifier>
    </Filter>
    <Filter Include="Файлы заголовков\DataAppFiles">
      <UniqueIdentifier>{c449f95e-1232-4c77-b1a8-dc82dad84d97}</UniqueIdentifier>
    </Filter>
  </ItemGroup>
  <ItemGroup>
    <ClCompile Include="..\DataApp\BadFramesProcessor.cpp">
      <Filter>Исходные файлы\DataAppFiles</Filter>
    </ClCompile>
    <ClCompile Include="..\DataApp\Calibrator.cpp">
      <Filter>Исходные файлы\DataAppFiles</Filter>
    </ClCompile>
    <ClCompile Include="..\DataApp\DataAppFactoryI.cpp">
      <Filter>Исходные файлы\DataAppFiles</Filter>
    </ClCompile>
    <ClCompile Include="..\DataApp\DataManagerI.cpp">
      <Filter>Исходные файлы\DataAppFiles</Filter>
    </ClCompile>
    <ClCompile Include="..\DataApp\DataSetPacker.cpp">
      <Filter>Исходные файлы\DataAppFiles</Filter>
    </ClCompile>
    <ClCompile Include="..\DataApp\FrameProcessorContext.cpp">
      <Filter>Исходные файлы\DataAppFiles</Filter>
    </ClCompile>
    <ClCompile Include="..\DataApp\FrameProcessorI.cpp">
      <Filter>Исходные файлы\DataAppFiles</Filter>
    </ClCompile>
    <ClCompile Include="..\DataApp\GoodFramesProcessor.cpp">
      <Filter>Исходные файлы\DataAppFiles</Filter>
    </ClCompile>
    <ClCompile Include="..\DataApp\HaarClassifierCreator.cpp">
      <Filter>Исходные файлы\DataAppFiles</Filter>
    </ClCompile>
    <ClCompile Include="..\DataApp\HaarClassifierManager.cpp">
      <Filter>Исходные файлы\DataAppFiles</Filter>
    </ClCompile>
    <ClCompile Include="..\DataApp\HaarContext.cpp">
      <Filter>Исходные файлы\DataAppFiles</Filter>
    </ClCompile>
    <ClCompile Include="..\DataApp\HaarSubsystemFactory.cpp">
      <Filter>Исходные файлы\DataAppFiles</Filter>
    </ClCompile>
    <ClCompile Include="..\internal\MatFrameSource\MatFrameSourceAdapter.cpp">
      <Filter>Исходные файлы\DataAppFiles</Filter>
    </ClCompile>
    <ClCompile Include="..\DataApp\MatFrameSourceI.cpp">
      <Filter>Исходные файлы\DataAppFiles</Filter>
    </ClCompile>
    <ClCompile Include="..\internal\MatFrameSource\MatFrameSourceI.cpp">
      <Filter>Исходные файлы\DataAppFiles</Filter>
    </ClCompile>
    <ClCompile Include="..\internal\MatFrameSource\OnOffMatFrameSourceI.cpp">
      <Filter>Исходные файлы\DataAppFiles</Filter>
    </ClCompile>
    <ClCompile Include="..\DataApp\PassingProcessor.cpp">
      <Filter>Исходные файлы\DataAppFiles</Filter>
    </ClCompile>
    <ClCompile Include="pch.cpp">
      <Filter>Исходные файлы\DataAppFiles</Filter>
    </ClCompile>
    <ClCompile Include="..\DataApp\RoughCalibrator.cpp">
      <Filter>Исходные файлы\DataAppFiles</Filter>
    </ClCompile>
    <ClCompile Include="..\DataApp\WebCamSource.cpp">
      <Filter>Исходные файлы\DataAppFiles</Filter>
    </ClCompile>
    <ClCompile Include="..\internal\MatFrameSource\WebCamSource.cpp">
      <Filter>Исходные файлы\DataAppFiles</Filter>
    </ClCompile>
    <ClCompile Include="DataAppUnitTests.cpp">
      <Filter>Исходные файлы\tests</Filter>
    </ClCompile>
    <ClCompile Include="FileSystemManagerTests.cpp">
      <Filter>Исходные файлы\tests</Filter>
    </ClCompile>
    <ClCompile Include="HaarSubSystemFactoryTests.cpp">
      <Filter>Исходные файлы\tests</Filter>
    </ClCompile>
    <ClCompile Include="FrameSourceTests.cpp">
      <Filter>Исходные файлы\tests</Filter>
    </ClCompile>
    <ClCompile Include="HaarContextTests.cpp">
      <Filter>Исходные файлы\tests</Filter>
    </ClCompile>
  </ItemGroup>
  <ItemGroup>
    <ClInclude Include="pch.h">
      <Filter>Файлы заголовков</Filter>
    </ClInclude>
    <ClInclude Include="..\DataApp\BadFramesProcessor.h">
      <Filter>Файлы заголовков\DataAppFiles</Filter>
    </ClInclude>
    <ClInclude Include="..\DataApp\Calibrator.h">
      <Filter>Файлы заголовков\DataAppFiles</Filter>
    </ClInclude>
    <ClInclude Include="..\DataApp\DataAppFactoryI.h">
      <Filter>Файлы заголовков\DataAppFiles</Filter>
    </ClInclude>
    <ClInclude Include="..\DataApp\DataManagerI.h">
      <Filter>Файлы заголовков\DataAppFiles</Filter>
    </ClInclude>
    <ClInclude Include="..\DataApp\DataSetPacker.h">
      <Filter>Файлы заголовков\DataAppFiles</Filter>
    </ClInclude>
    <ClInclude Include="..\DataApp\FrameProcessorContext.h">
      <Filter>Файлы заголовков\DataAppFiles</Filter>
    </ClInclude>
    <ClInclude Include="..\DataApp\FrameProcessorI.h">
      <Filter>Файлы заголовков\DataAppFiles</Filter>
    </ClInclude>
    <ClInclude Include="..\DataApp\GoodFramesProcessor.h">
      <Filter>Файлы заголовков\DataAppFiles</Filter>
    </ClInclude>
    <ClInclude Include="..\DataApp\HaarClassifierCreator.h">
      <Filter>Файлы заголовков\DataAppFiles</Filter>
    </ClInclude>
    <ClInclude Include="..\DataApp\HaarClassifierManager.h">
      <Filter>Файлы заголовков\DataAppFiles</Filter>
    </ClInclude>
    <ClInclude Include="..\DataApp\HaarContext.h">
      <Filter>Файлы заголовков\DataAppFiles</Filter>
    </ClInclude>
    <ClInclude Include="..\DataApp\HaarSubsystemFactory.h">
      <Filter>Файлы заголовков\DataAppFiles</Filter>
    </ClInclude>
    <ClInclude Include="..\internal\MatFrameSource\MatFrameSourceAdapter.h">
      <Filter>Файлы заголовков\DataAppFiles</Filter>
    </ClInclude>
    <ClInclude Include="..\internal\MatFrameSource\MatFrameSourceI.h">
      <Filter>Файлы заголовков\DataAppFiles</Filter>
    </ClInclude>
    <ClInclude Include="..\internal\MatFrameSource\OnOffMatFrameSourceI.h">
      <Filter>Файлы заголовков\DataAppFiles</Filter>
    </ClInclude>
    <ClInclude Include="..\DataApp\PassingProcessor.h">
      <Filter>Файлы заголовков\DataAppFiles</Filter>
    </ClInclude>
    <ClInclude Include="..\DataApp\RoughCalibrator.h">
      <Filter>Файлы заголовков\DataAppFiles</Filter>
    </ClInclude>
    <ClInclude Include="..\internal\MatFrameSource\WebCamSource.h">
      <Filter>Файлы заголовков\DataAppFiles</Filter>
    </ClInclude>
  </ItemGroup>
</Project>